
Microsoft Visual Studio Solution File, Format Version 12.00
# Visual Studio 15
Project("{FAE04EC0-301F-11D3-BF4B-00C04F79EFBC}") = "CalcApp.Android", "CalcApp.Android\CalcApp.Android.csproj", "{46BDE7BE-A159-426F-AA20-FE9BC3BD36A2}"
EndProject
Project("{FAE04EC0-301F-11D3-BF4B-00C04F79EFBC}") = "CalcApp.iOS", "CalcApp.iOS\CalcApp.iOS.csproj", "{2FCB94F2-3406-465F-8BFB-6B5DD1D177E8}"
EndProject
Project("{FAE04EC0-301F-11D3-BF4B-00C04F79EFBC}") = "CalcApp", "CalcApp\CalcApp.csproj", "{7CDBF100-BD5C-4596-8044-A463411FCEE7}"
EndProject
Global
	GlobalSection(SolutionConfigurationPlatforms) = preSolution
		Debug|Any CPU = Debug|Any CPU
		Release|Any CPU = Release|Any CPU
		Debug|iPhoneSimulator = Debug|iPhoneSimulator
		Release|iPhoneSimulator = Release|iPhoneSimulator
		Debug|iPhone = Debug|iPhone
		Release|iPhone = Release|iPhone
		Ad-Hoc|iPhone = Ad-Hoc|iPhone
		AppStore|iPhone = AppStore|iPhone
	EndGlobalSection
	GlobalSection(ProjectConfigurationPlatforms) = postSolution
		{46BDE7BE-A159-426F-AA20-FE9BC3BD36A2}.Debug|Any CPU.ActiveCfg = Debug|Any CPU
		{46BDE7BE-A159-426F-AA20-FE9BC3BD36A2}.Debug|Any CPU.Build.0 = Debug|Any CPU
		{46BDE7BE-A159-426F-AA20-FE9BC3BD36A2}.Release|Any CPU.ActiveCfg = Release|Any CPU
		{46BDE7BE-A159-426F-AA20-FE9BC3BD36A2}.Release|Any CPU.Build.0 = Release|Any CPU
		{46BDE7BE-A159-426F-AA20-FE9BC3BD36A2}.Debug|iPhoneSimulator.ActiveCfg = Debug|Any CPU
		{46BDE7BE-A159-426F-AA20-FE9BC3BD36A2}.Debug|iPhoneSimulator.Build.0 = Debug|Any CPU
		{46BDE7BE-A159-426F-AA20-FE9BC3BD36A2}.Release|iPhoneSimulator.ActiveCfg = Release|Any CPU
		{46BDE7BE-A159-426F-AA20-FE9BC3BD36A2}.Release|iPhoneSimulator.Build.0 = Release|Any CPU
		{46BDE7BE-A159-426F-AA20-FE9BC3BD36A2}.Debug|iPhone.ActiveCfg = Debug|Any CPU
		{46BDE7BE-A159-426F-AA20-FE9BC3BD36A2}.Debug|iPhone.Build.0 = Debug|Any CPU
		{46BDE7BE-A159-426F-AA20-FE9BC3BD36A2}.Release|iPhone.ActiveCfg = Release|Any CPU
		{46BDE7BE-A159-426F-AA20-FE9BC3BD36A2}.Release|iPhone.Build.0 = Release|Any CPU
		{46BDE7BE-A159-426F-AA20-FE9BC3BD36A2}.Ad-Hoc|iPhone.ActiveCfg = Debug|Any CPU
		{46BDE7BE-A159-426F-AA20-FE9BC3BD36A2}.Ad-Hoc|iPhone.Build.0 = Debug|Any CPU
		{46BDE7BE-A159-426F-AA20-FE9BC3BD36A2}.AppStore|iPhone.ActiveCfg = Debug|Any CPU
		{46BDE7BE-A159-426F-AA20-FE9BC3BD36A2}.AppStore|iPhone.Build.0 = Debug|Any CPU
		{2FCB94F2-3406-465F-8BFB-6B5DD1D177E8}.Debug|Any CPU.ActiveCfg = Debug|iPhoneSimulator
		{2FCB94F2-3406-465F-8BFB-6B5DD1D177E8}.Debug|Any CPU.Build.0 = Debug|iPhoneSimulator
		{2FCB94F2-3406-465F-8BFB-6B5DD1D177E8}.Release|Any CPU.ActiveCfg = Release|iPhoneSimulator
		{2FCB94F2-3406-465F-8BFB-6B5DD1D177E8}.Release|Any CPU.Build.0 = Release|iPhoneSimulator
		{2FCB94F2-3406-465F-8BFB-6B5DD1D177E8}.Debug|iPhoneSimulator.ActiveCfg = Debug|iPhoneSimulator
		{2FCB94F2-3406-465F-8BFB-6B5DD1D177E8}.Debug|iPhoneSimulator.Build.0 = Debug|iPhoneSimulator
		{2FCB94F2-3406-465F-8BFB-6B5DD1D177E8}.Release|iPhoneSimulator.ActiveCfg = Release|iPhoneSimulator
		{2FCB94F2-3406-465F-8BFB-6B5DD1D177E8}.Release|iPhoneSimulator.Build.0 = Release|iPhoneSimulator
		{2FCB94F2-3406-465F-8BFB-6B5DD1D177E8}.Debug|iPhone.ActiveCfg = Debug|iPhone
		{2FCB94F2-3406-465F-8BFB-6B5DD1D177E8}.Debug|iPhone.Build.0 = Debug|iPhone
		{2FCB94F2-3406-465F-8BFB-6B5DD1D177E8}.Release|iPhone.ActiveCfg = Release|iPhone
		{2FCB94F2-3406-465F-8BFB-6B5DD1D177E8}.Release|iPhone.Build.0 = Release|iPhone
		{2FCB94F2-3406-465F-8BFB-6B5DD1D177E8}.Ad-Hoc|iPhone.ActiveCfg = Ad-Hoc|iPhone
		{2FCB94F2-3406-465F-8BFB-6B5DD1D177E8}.Ad-Hoc|iPhone.Build.0 = Ad-Hoc|iPhone
		{2FCB94F2-3406-465F-8BFB-6B5DD1D177E8}.AppStore|iPhone.ActiveCfg = AppStore|iPhone
		{2FCB94F2-3406-465F-8BFB-6B5DD1D177E8}.AppStore|iPhone.Build.0 = AppStore|iPhone
		{7CDBF100-BD5C-4596-8044-A463411FCEE7}.Debug|Any CPU.ActiveCfg = Debug|Any CPU
		{7CDBF100-BD5C-4596-8044-A463411FCEE7}.Debug|Any CPU.Build.0 = Debug|Any CPU
		{7CDBF100-BD5C-4596-8044-A463411FCEE7}.Release|Any CPU.ActiveCfg = Release|Any CPU
		{7CDBF100-BD5C-4596-8044-A463411FCEE7}.Release|Any CPU.Build.0 = Release|Any CPU
		{7CDBF100-BD5C-4596-8044-A463411FCEE7}.Debug|iPhoneSimulator.ActiveCfg = Debug|Any CPU
		{7CDBF100-BD5C-4596-8044-A463411FCEE7}.Debug|iPhoneSimulator.Build.0 = Debug|Any CPU
		{7CDBF100-BD5C-4596-8044-A463411FCEE7}.Release|iPhoneSimulator.ActiveCfg = Release|Any CPU
		{7CDBF100-BD5C-4596-8044-A463411FCEE7}.Release|iPhoneSimulator.Build.0 = Release|Any CPU
		{7CDBF100-BD5C-4596-8044-A463411FCEE7}.Debug|iPhone.ActiveCfg = Debug|Any CPU
		{7CDBF100-BD5C-4596-8044-A463411FCEE7}.Debug|iPhone.Build.0 = Debug|Any CPU
		{7CDBF100-BD5C-4596-8044-A463411FCEE7}.Release|iPhone.ActiveCfg = Release|Any CPU
		{7CDBF100-BD5C-4596-8044-A463411FCEE7}.Release|iPhone.Build.0 = Release|Any CPU
		{7CDBF100-BD5C-4596-8044-A463411FCEE7}.Ad-Hoc|iPhone.ActiveCfg = Debug|Any CPU
		{7CDBF100-BD5C-4596-8044-A463411FCEE7}.Ad-Hoc|iPhone.Build.0 = Debug|Any CPU
		{7CDBF100-BD5C-4596-8044-A463411FCEE7}.AppStore|iPhone.ActiveCfg = Debug|Any CPU
		{7CDBF100-BD5C-4596-8044-A463411FCEE7}.AppStore|iPhone.Build.0 = Debug|Any CPU
	EndGlobalSection
EndGlobal
